
Microsoft Visual Studio Solution File, Format Version 12.00
# Visual Studio Version 17
VisualStudioVersion = 17.3.32929.385
MinimumVisualStudioVersion = 10.0.40219.1
Project("{FAE04EC0-301F-11D3-BF4B-00C04F79EFBC}") = "Takoha.Core", "Takoha\src\Takoha.Core\Takoha.Core.csproj", "{D4D29A0A-3C10-4AF4-B98F-5A15F4D7B809}"
EndProject
Project("{FAE04EC0-301F-11D3-BF4B-00C04F79EFBC}") = "Takoha.Infrastructure", "Takoha\src\Takoha.Infrastructure\Takoha.Infrastructure.csproj", "{A881A352-02D5-4609-AFD6-BE8F18C950B1}"
EndProject
Project("{FAE04EC0-301F-11D3-BF4B-00C04F79EFBC}") = "Takoha.SharedKernel", "Takoha\src\Takoha.SharedKernel\Takoha.SharedKernel.csproj", "{85B1235C-1039-40A0-9787-A5DE52B4C873}"
EndProject
Project("{FAE04EC0-301F-11D3-BF4B-00C04F79EFBC}") = "Takoha.Web", "Takoha\src\Takoha.Web\Takoha.Web.csproj", "{2E8A1FF6-2880-42D8-8110-C39C776AA6B1}"
EndProject
Project("{FAE04EC0-301F-11D3-BF4B-00C04F79EFBC}") = "Takoha.FunctionalTests", "Takoha\tests\Takoha.FunctionalTests\Takoha.FunctionalTests.csproj", "{5FAE07D8-07F6-48B8-B9D4-C37E32AAD24F}"
EndProject
Project("{FAE04EC0-301F-11D3-BF4B-00C04F79EFBC}") = "Takoha.IntegrationTests", "Takoha\tests\Takoha.IntegrationTests\Takoha.IntegrationTests.csproj", "{A5C81782-4509-4B95-A302-A53C5C6CD6FE}"
EndProject
Project("{FAE04EC0-301F-11D3-BF4B-00C04F79EFBC}") = "Takoha.UnitTests", "Takoha\tests\Takoha.UnitTests\Takoha.UnitTests.csproj", "{CE3A993C-9E31-4767-9983-337AE7269AC2}"
EndProject
Global
	GlobalSection(SolutionConfigurationPlatforms) = preSolution
		Debug|Any CPU = Debug|Any CPU
		Release|Any CPU = Release|Any CPU
	EndGlobalSection
	GlobalSection(ProjectConfigurationPlatforms) = postSolution
		{D4D29A0A-3C10-4AF4-B98F-5A15F4D7B809}.Debug|Any CPU.ActiveCfg = Debug|Any CPU
		{D4D29A0A-3C10-4AF4-B98F-5A15F4D7B809}.Debug|Any CPU.Build.0 = Debug|Any CPU
		{D4D29A0A-3C10-4AF4-B98F-5A15F4D7B809}.Release|Any CPU.ActiveCfg = Release|Any CPU
		{D4D29A0A-3C10-4AF4-B98F-5A15F4D7B809}.Release|Any CPU.Build.0 = Release|Any CPU
		{A881A352-02D5-4609-AFD6-BE8F18C950B1}.Debug|Any CPU.ActiveCfg = Debug|Any CPU
		{A881A352-02D5-4609-AFD6-BE8F18C950B1}.Debug|Any CPU.Build.0 = Debug|Any CPU
		{A881A352-02D5-4609-AFD6-BE8F18C950B1}.Release|Any CPU.ActiveCfg = Release|Any CPU
		{A881A352-02D5-4609-AFD6-BE8F18C950B1}.Release|Any CPU.Build.0 = Release|Any CPU
		{85B1235C-1039-40A0-9787-A5DE52B4C873}.Debug|Any CPU.ActiveCfg = Debug|Any CPU
		{85B1235C-1039-40A0-9787-A5DE52B4C873}.Debug|Any CPU.Build.0 = Debug|Any CPU
		{85B1235C-1039-40A0-9787-A5DE52B4C873}.Release|Any CPU.ActiveCfg = Release|Any CPU
		{85B1235C-1039-40A0-9787-A5DE52B4C873}.Release|Any CPU.Build.0 = Release|Any CPU
		{2E8A1FF6-2880-42D8-8110-C39C776AA6B1}.Debug|Any CPU.ActiveCfg = Debug|Any CPU
		{2E8A1FF6-2880-42D8-8110-C39C776AA6B1}.Debug|Any CPU.Build.0 = Debug|Any CPU
		{2E8A1FF6-2880-42D8-8110-C39C776AA6B1}.Release|Any CPU.ActiveCfg = Release|Any CPU
		{2E8A1FF6-2880-42D8-8110-C39C776AA6B1}.Release|Any CPU.Build.0 = Release|Any CPU
		{5FAE07D8-07F6-48B8-B9D4-C37E32AAD24F}.Debug|Any CPU.ActiveCfg = Debug|Any CPU
		{5FAE07D8-07F6-48B8-B9D4-C37E32AAD24F}.Debug|Any CPU.Build.0 = Debug|Any CPU
		{5FAE07D8-07F6-48B8-B9D4-C37E32AAD24F}.Release|Any CPU.ActiveCfg = Release|Any CPU
		{5FAE07D8-07F6-48B8-B9D4-C37E32AAD24F}.Release|Any CPU.Build.0 = Release|Any CPU
		{A5C81782-4509-4B95-A302-A53C5C6CD6FE}.Debug|Any CPU.ActiveCfg = Debug|Any CPU
		{A5C81782-4509-4B95-A302-A53C5C6CD6FE}.Debug|Any CPU.Build.0 = Debug|Any CPU
		{A5C81782-4509-4B95-A302-A53C5C6CD6FE}.Release|Any CPU.ActiveCfg = Release|Any CPU
		{A5C81782-4509-4B95-A302-A53C5C6CD6FE}.Release|Any CPU.Build.0 = Release|Any CPU
		{CE3A993C-9E31-4767-9983-337AE7269AC2}.Debug|Any CPU.ActiveCfg = Debug|Any CPU
		{CE3A993C-9E31-4767-9983-337AE7269AC2}.Debug|Any CPU.Build.0 = Debug|Any CPU
		{CE3A993C-9E31-4767-9983-337AE7269AC2}.Release|Any CPU.ActiveCfg = Release|Any CPU
		{CE3A993C-9E31-4767-9983-337AE7269AC2}.Release|Any CPU.Build.0 = Release|Any CPU
	EndGlobalSection
	GlobalSection(SolutionProperties) = preSolution
		HideSolutionNode = FALSE
	EndGlobalSection
	GlobalSection(ExtensibilityGlobals) = postSolution
		SolutionGuid = {783DA7DC-941A-4160-84EF-CE3A910C00D3}
	EndGlobalSection
EndGlobal
